
Microsoft Visual Studio Solution File, Format Version 12.00
# Visual Studio Version 17
VisualStudioVersion = 17.0.32014.148
MinimumVisualStudioVersion = 10.0.40219.1
Project("{FAE04EC0-301F-11D3-BF4B-00C04F79EFBC}") = "BenfordSet", "BenfordSet\BenfordSet.csproj", "{8B90BA1E-786A-4437-9B12-841B0DBDBB73}"
EndProject
Global
	GlobalSection(SolutionConfigurationPlatforms) = preSolution
		Debug|Any CPU = Debug|Any CPU
		Release|Any CPU = Release|Any CPU
	EndGlobalSection
	GlobalSection(ProjectConfigurationPlatforms) = postSolution
		{8B90BA1E-786A-4437-9B12-841B0DBDBB73}.Debug|Any CPU.ActiveCfg = Debug|Any CPU
		{8B90BA1E-786A-4437-9B12-841B0DBDBB73}.Debug|Any CPU.Build.0 = Debug|Any CPU
		{8B90BA1E-786A-4437-9B12-841B0DBDBB73}.Release|Any CPU.ActiveCfg = Release|Any CPU
		{8B90BA1E-786A-4437-9B12-841B0DBDBB73}.Release|Any CPU.Build.0 = Release|Any CPU
	EndGlobalSection
	GlobalSection(SolutionProperties) = preSolution
		HideSolutionNode = FALSE
	EndGlobalSection
	GlobalSection(ExtensibilityGlobals) = postSolution
		SolutionGuid = {1166212E-0E1E-4C33-8546-07799753A1DC}
	EndGlobalSection
EndGlobal
